
Microsoft Visual Studio Solution File, Format Version 12.00
Project("{FAE04EC0-301F-11D3-BF4B-00C04F79EFBC}") = "BookStore.AppHost", "packages/aspire/BookStore.AppHost\BookStore.AppHost.csproj", "{398BDD86-5C60-43B4-8DA5-9DF034A0016A}"
EndProject
Project("{FAE04EC0-301F-11D3-BF4B-00C04F79EFBC}") = "BookStore.ServiceDefaults", "packages/aspire/BookStore.ServiceDefaults\BookStore.ServiceDefaults.csproj", "{720B6305-3F2D-4731-B51D-0DCCF18459B7}"
EndProject
Project("{FAE04EC0-301F-11D3-BF4B-00C04F79EFBC}") = "BookStore.ApiService", "packages/BookStore.ApiService\BookStore.ApiService.csproj", "{89D52E98-8784-4686-9937-2B23EEDEFB72}"
EndProject
Global
	GlobalSection(SolutionConfigurationPlatforms) = preSolution
		Debug|Any CPU = Debug|Any CPU
		Release|Any CPU = Release|Any CPU
	EndGlobalSection
	GlobalSection(ProjectConfigurationPlatforms) = postSolution
		{398BDD86-5C60-43B4-8DA5-9DF034A0016A}.Debug|Any CPU.ActiveCfg = Debug|Any CPU
		{398BDD86-5C60-43B4-8DA5-9DF034A0016A}.Debug|Any CPU.Build.0 = Debug|Any CPU
		{398BDD86-5C60-43B4-8DA5-9DF034A0016A}.Release|Any CPU.ActiveCfg = Release|Any CPU
		{398BDD86-5C60-43B4-8DA5-9DF034A0016A}.Release|Any CPU.Build.0 = Release|Any CPU
		{720B6305-3F2D-4731-B51D-0DCCF18459B7}.Debug|Any CPU.ActiveCfg = Debug|Any CPU
		{720B6305-3F2D-4731-B51D-0DCCF18459B7}.Debug|Any CPU.Build.0 = Debug|Any CPU
		{720B6305-3F2D-4731-B51D-0DCCF18459B7}.Release|Any CPU.ActiveCfg = Release|Any CPU
		{720B6305-3F2D-4731-B51D-0DCCF18459B7}.Release|Any CPU.Build.0 = Release|Any CPU
		{89D52E98-8784-4686-9937-2B23EEDEFB72}.Debug|Any CPU.ActiveCfg = Debug|Any CPU
		{89D52E98-8784-4686-9937-2B23EEDEFB72}.Debug|Any CPU.Build.0 = Debug|Any CPU
		{89D52E98-8784-4686-9937-2B23EEDEFB72}.Release|Any CPU.ActiveCfg = Release|Any CPU
		{89D52E98-8784-4686-9937-2B23EEDEFB72}.Release|Any CPU.Build.0 = Release|Any CPU
	EndGlobalSection
EndGlobal
